
Microsoft Visual Studio Solution File, Format Version 12.00
# Visual Studio Version 17
VisualStudioVersion = 17.10.35122.118
MinimumVisualStudioVersion = 10.0.40219.1
Project("{FAE04EC0-301F-11D3-BF4B-00C04F79EFBC}") = "Lab-01", "Lab-01.csproj", "{815C7710-AD33-4F8E-BD3E-4D54CBDF22AB}"
EndProject
Global
	GlobalSection(SolutionConfigurationPlatforms) = preSolution
		Debug|Any CPU = Debug|Any CPU
		Release|Any CPU = Release|Any CPU
	EndGlobalSection
	GlobalSection(ProjectConfigurationPlatforms) = postSolution
		{815C7710-AD33-4F8E-BD3E-4D54CBDF22AB}.Debug|Any CPU.ActiveCfg = Debug|Any CPU
		{815C7710-AD33-4F8E-BD3E-4D54CBDF22AB}.Debug|Any CPU.Build.0 = Debug|Any CPU
		{815C7710-AD33-4F8E-BD3E-4D54CBDF22AB}.Release|Any CPU.ActiveCfg = Release|Any CPU
		{815C7710-AD33-4F8E-BD3E-4D54CBDF22AB}.Release|Any CPU.Build.0 = Release|Any CPU
	EndGlobalSection
	GlobalSection(SolutionProperties) = preSolution
		HideSolutionNode = FALSE
	EndGlobalSection
	GlobalSection(ExtensibilityGlobals) = postSolution
		SolutionGuid = {48155D6B-C64D-4087-8E03-A5DF73B9C1E6}
	EndGlobalSection
EndGlobal
