
Microsoft Visual Studio Solution File, Format Version 12.00
# Visual Studio Version 17
VisualStudioVersion = 17.12.35707.178 d17.12
MinimumVisualStudioVersion = 10.0.40219.1
Project("{FAE04EC0-301F-11D3-BF4B-00C04F79EFBC}") = "Lab-08", "Lab-08\Lab-08.csproj", "{2A498821-4557-4BFD-A38B-8FFCA786F51F}"
EndProject
Global
	GlobalSection(SolutionConfigurationPlatforms) = preSolution
		Debug|Any CPU = Debug|Any CPU
		Release|Any CPU = Release|Any CPU
	EndGlobalSection
	GlobalSection(ProjectConfigurationPlatforms) = postSolution
		{2A498821-4557-4BFD-A38B-8FFCA786F51F}.Debug|Any CPU.ActiveCfg = Debug|Any CPU
		{2A498821-4557-4BFD-A38B-8FFCA786F51F}.Debug|Any CPU.Build.0 = Debug|Any CPU
		{2A498821-4557-4BFD-A38B-8FFCA786F51F}.Release|Any CPU.ActiveCfg = Release|Any CPU
		{2A498821-4557-4BFD-A38B-8FFCA786F51F}.Release|Any CPU.Build.0 = Release|Any CPU
	EndGlobalSection
	GlobalSection(SolutionProperties) = preSolution
		HideSolutionNode = FALSE
	EndGlobalSection
EndGlobal
