
Microsoft Visual Studio Solution File, Format Version 12.00
# Visual Studio Version 17
VisualStudioVersion = 17.12.35707.178 d17.12
MinimumVisualStudioVersion = 10.0.40219.1
Project("{FAE04EC0-301F-11D3-BF4B-00C04F79EFBC}") = "Lab-07", "Lab-07\Lab-07.csproj", "{F21147FD-A79D-4564-9A9C-F1F6D5D41804}"
EndProject
Global
	GlobalSection(SolutionConfigurationPlatforms) = preSolution
		Debug|Any CPU = Debug|Any CPU
		Release|Any CPU = Release|Any CPU
	EndGlobalSection
	GlobalSection(ProjectConfigurationPlatforms) = postSolution
		{F21147FD-A79D-4564-9A9C-F1F6D5D41804}.Debug|Any CPU.ActiveCfg = Debug|Any CPU
		{F21147FD-A79D-4564-9A9C-F1F6D5D41804}.Debug|Any CPU.Build.0 = Debug|Any CPU
		{F21147FD-A79D-4564-9A9C-F1F6D5D41804}.Release|Any CPU.ActiveCfg = Release|Any CPU
		{F21147FD-A79D-4564-9A9C-F1F6D5D41804}.Release|Any CPU.Build.0 = Release|Any CPU
	EndGlobalSection
	GlobalSection(SolutionProperties) = preSolution
		HideSolutionNode = FALSE
	EndGlobalSection
EndGlobal
